
Microsoft Visual Studio Solution File, Format Version 12.00
# Visual Studio Version 17
VisualStudioVersion = 17.0.31912.275
MinimumVisualStudioVersion = 10.0.40219.1
Project("{FAE04EC0-301F-11D3-BF4B-00C04F79EFBC}") = "ControlAppDesktopUI", "ControlAppDesktop\ControlAppDesktop\ControlAppDesktopUI.csproj", "{235E8345-87B3-43DB-AA22-35442F70EFF9}"
EndProject
Project("{FAE04EC0-301F-11D3-BF4B-00C04F79EFBC}") = "Entities", "Entities\Entities.csproj", "{F6F5FB68-F696-457F-9741-2D3E9EDB03C5}"
EndProject
Global
	GlobalSection(SolutionConfigurationPlatforms) = preSolution
		Debug|Any CPU = Debug|Any CPU
		Release|Any CPU = Release|Any CPU
	EndGlobalSection
	GlobalSection(ProjectConfigurationPlatforms) = postSolution
		{235E8345-87B3-43DB-AA22-35442F70EFF9}.Debug|Any CPU.ActiveCfg = Debug|Any CPU
		{235E8345-87B3-43DB-AA22-35442F70EFF9}.Debug|Any CPU.Build.0 = Debug|Any CPU
		{235E8345-87B3-43DB-AA22-35442F70EFF9}.Release|Any CPU.ActiveCfg = Release|Any CPU
		{235E8345-87B3-43DB-AA22-35442F70EFF9}.Release|Any CPU.Build.0 = Release|Any CPU
		{F6F5FB68-F696-457F-9741-2D3E9EDB03C5}.Debug|Any CPU.ActiveCfg = Debug|Any CPU
		{F6F5FB68-F696-457F-9741-2D3E9EDB03C5}.Debug|Any CPU.Build.0 = Debug|Any CPU
		{F6F5FB68-F696-457F-9741-2D3E9EDB03C5}.Release|Any CPU.ActiveCfg = Release|Any CPU
		{F6F5FB68-F696-457F-9741-2D3E9EDB03C5}.Release|Any CPU.Build.0 = Release|Any CPU
	EndGlobalSection
	GlobalSection(SolutionProperties) = preSolution
		HideSolutionNode = FALSE
	EndGlobalSection
	GlobalSection(ExtensibilityGlobals) = postSolution
		SolutionGuid = {C4356293-53B6-43BF-8630-3EE26D51F90C}
	EndGlobalSection
EndGlobal
