
Microsoft Visual Studio Solution File, Format Version 12.00
# Visual Studio Version 17
VisualStudioVersion = 17.0.31912.275
MinimumVisualStudioVersion = 10.0.40219.1
Project("{FAE04EC0-301F-11D3-BF4B-00C04F79EFBC}") = "ControlAppDesktopUI", "ControlAppDesktop\ControlAppDesktop\ControlAppDesktopUI.csproj", "{235E8345-87B3-43DB-AA22-35442F70EFF9}"
EndProject
Project("{FAE04EC0-301F-11D3-BF4B-00C04F79EFBC}") = "Entities", "Entities\Entities.csproj", "{F6F5FB68-F696-457F-9741-2D3E9EDB03C5}"
EndProject
Project("{FAE04EC0-301F-11D3-BF4B-00C04F79EFBC}") = "DataAccess", "DataAccess\DataAccess.csproj", "{BED7B930-B5AA-453A-AC14-69EB6441F4E8}"
EndProject
Project("{FAE04EC0-301F-11D3-BF4B-00C04F79EFBC}") = "Business", "Business\Business.csproj", "{BBB82CB1-8039-48F4-8709-B5BBC660E2DC}"
EndProject
Project("{FAE04EC0-301F-11D3-BF4B-00C04F79EFBC}") = "DataAccessEF", "DataAccessEF\DataAccessEF.csproj", "{66C3AD9B-E005-4032-AD68-A19561CABD5C}"
EndProject
Project("{FAE04EC0-301F-11D3-BF4B-00C04F79EFBC}") = "EntitiesEF", "EntitiesEF\EntitiesEF.csproj", "{7658C80D-AB0E-46E6-8E18-951A1A3AB901}"
EndProject
Global
	GlobalSection(SolutionConfigurationPlatforms) = preSolution
		Debug|Any CPU = Debug|Any CPU
		Release|Any CPU = Release|Any CPU
	EndGlobalSection
	GlobalSection(ProjectConfigurationPlatforms) = postSolution
		{235E8345-87B3-43DB-AA22-35442F70EFF9}.Debug|Any CPU.ActiveCfg = Debug|Any CPU
		{235E8345-87B3-43DB-AA22-35442F70EFF9}.Debug|Any CPU.Build.0 = Debug|Any CPU
		{235E8345-87B3-43DB-AA22-35442F70EFF9}.Release|Any CPU.ActiveCfg = Release|Any CPU
		{235E8345-87B3-43DB-AA22-35442F70EFF9}.Release|Any CPU.Build.0 = Release|Any CPU
		{F6F5FB68-F696-457F-9741-2D3E9EDB03C5}.Debug|Any CPU.ActiveCfg = Debug|Any CPU
		{F6F5FB68-F696-457F-9741-2D3E9EDB03C5}.Debug|Any CPU.Build.0 = Debug|Any CPU
		{F6F5FB68-F696-457F-9741-2D3E9EDB03C5}.Release|Any CPU.ActiveCfg = Release|Any CPU
		{F6F5FB68-F696-457F-9741-2D3E9EDB03C5}.Release|Any CPU.Build.0 = Release|Any CPU
		{BED7B930-B5AA-453A-AC14-69EB6441F4E8}.Debug|Any CPU.ActiveCfg = Debug|Any CPU
		{BED7B930-B5AA-453A-AC14-69EB6441F4E8}.Debug|Any CPU.Build.0 = Debug|Any CPU
		{BED7B930-B5AA-453A-AC14-69EB6441F4E8}.Release|Any CPU.ActiveCfg = Release|Any CPU
		{BED7B930-B5AA-453A-AC14-69EB6441F4E8}.Release|Any CPU.Build.0 = Release|Any CPU
		{BBB82CB1-8039-48F4-8709-B5BBC660E2DC}.Debug|Any CPU.ActiveCfg = Debug|Any CPU
		{BBB82CB1-8039-48F4-8709-B5BBC660E2DC}.Debug|Any CPU.Build.0 = Debug|Any CPU
		{BBB82CB1-8039-48F4-8709-B5BBC660E2DC}.Release|Any CPU.ActiveCfg = Release|Any CPU
		{BBB82CB1-8039-48F4-8709-B5BBC660E2DC}.Release|Any CPU.Build.0 = Release|Any CPU
		{66C3AD9B-E005-4032-AD68-A19561CABD5C}.Debug|Any CPU.ActiveCfg = Debug|Any CPU
		{66C3AD9B-E005-4032-AD68-A19561CABD5C}.Debug|Any CPU.Build.0 = Debug|Any CPU
		{66C3AD9B-E005-4032-AD68-A19561CABD5C}.Release|Any CPU.ActiveCfg = Release|Any CPU
		{66C3AD9B-E005-4032-AD68-A19561CABD5C}.Release|Any CPU.Build.0 = Release|Any CPU
		{7658C80D-AB0E-46E6-8E18-951A1A3AB901}.Debug|Any CPU.ActiveCfg = Debug|Any CPU
		{7658C80D-AB0E-46E6-8E18-951A1A3AB901}.Debug|Any CPU.Build.0 = Debug|Any CPU
		{7658C80D-AB0E-46E6-8E18-951A1A3AB901}.Release|Any CPU.ActiveCfg = Release|Any CPU
		{7658C80D-AB0E-46E6-8E18-951A1A3AB901}.Release|Any CPU.Build.0 = Release|Any CPU
	EndGlobalSection
	GlobalSection(SolutionProperties) = preSolution
		HideSolutionNode = FALSE
	EndGlobalSection
	GlobalSection(ExtensibilityGlobals) = postSolution
		SolutionGuid = {C4356293-53B6-43BF-8630-3EE26D51F90C}
	EndGlobalSection
EndGlobal
